# THIS IS AN AUTOGENERATED FILE. DO NOT EDIT THIS FILE DIRECTLY.
# yarn lockfile v1


coffee-script@^1.9.2:
  version "1.12.7"
  resolved "https://registry.yarnpkg.com/coffee-script/-/coffee-script-1.12.7.tgz#c05dae0cb79591d05b3070a8433a98c9a89ccc53"

"dio.js@https://github.com/thysultan/dio.js.git#ce18699943bb976dc6e19227fff4f3fcfc626fc4":
  version "8.0.0"
  resolved "https://github.com/thysultan/dio.js.git#ce18699943bb976dc6e19227fff4f3fcfc626fc4"

lodash@^4.17.4:
  version "4.17.4"
  resolved "https://registry.yarnpkg.com/lodash/-/lodash-4.17.4.tgz#78203a4d1c328ae1d86dca6460e369b57f4055ae"

rxjs@^5.2.0:
  version "5.4.3"
  resolved "https://registry.yarnpkg.com/rxjs/-/rxjs-5.4.3.tgz#0758cddee6033d68e0fd53676f0f3596ce3d483f"
  dependencies:
    symbol-observable "^1.0.1"

symbol-observable@^1.0.1:
  version "1.0.4"
  resolved "https://registry.yarnpkg.com/symbol-observable/-/symbol-observable-1.0.4.tgz#29bf615d4aa7121bdd898b22d4b3f9bc4e2aa03d"

"zorium@https://github.com/Zorium/zorium.git#96ddd308c1db3bf94ca5de63f2936fd89ca97693":
  version "1.0.13"
  resolved "https://github.com/Zorium/zorium.git#96ddd308c1db3bf94ca5de63f2936fd89ca97693"
  dependencies:
    coffee-script "^1.9.2"
    dio.js "https://github.com/thysultan/dio.js.git#ce18699943bb976dc6e19227fff4f3fcfc626fc4"
    lodash "^4.17.4"
    rxjs "^5.2.0"
